
Microsoft Visual Studio Solution File, Format Version 12.00
# Visual Studio 14
VisualStudioVersion = 14.0.23107.0
MinimumVisualStudioVersion = 10.0.40219.1
Project("{FAE04EC0-301F-11D3-BF4B-00C04F79EFBC}") = "Arrays0616", "Arrays0616\Arrays0616.csproj", "{264F0542-A3B8-4869-B249-55EE679F4472}"
EndProject
Global
	GlobalSection(SolutionConfigurationPlatforms) = preSolution
		Debug|Any CPU = Debug|Any CPU
		Release|Any CPU = Release|Any CPU
	EndGlobalSection
	GlobalSection(ProjectConfigurationPlatforms) = postSolution
		{264F0542-A3B8-4869-B249-55EE679F4472}.Debug|Any CPU.ActiveCfg = Debug|Any CPU
		{264F0542-A3B8-4869-B249-55EE679F4472}.Debug|Any CPU.Build.0 = Debug|Any CPU
		{264F0542-A3B8-4869-B249-55EE679F4472}.Release|Any CPU.ActiveCfg = Release|Any CPU
		{264F0542-A3B8-4869-B249-55EE679F4472}.Release|Any CPU.Build.0 = Release|Any CPU
	EndGlobalSection
	GlobalSection(SolutionProperties) = preSolution
		HideSolutionNode = FALSE
	EndGlobalSection
EndGlobal
