
Microsoft Visual Studio Solution File, Format Version 12.00
# Visual Studio 14
VisualStudioVersion = 14.0.23107.0
MinimumVisualStudioVersion = 10.0.40219.1
Project("{FAE04EC0-301F-11D3-BF4B-00C04F79EFBC}") = "loop20917", "loop20917\loop20917.csproj", "{A2606E91-DEDC-4593-897E-87D61A021832}"
EndProject
Global
	GlobalSection(SolutionConfigurationPlatforms) = preSolution
		Debug|Any CPU = Debug|Any CPU
		Release|Any CPU = Release|Any CPU
	EndGlobalSection
	GlobalSection(ProjectConfigurationPlatforms) = postSolution
		{A2606E91-DEDC-4593-897E-87D61A021832}.Debug|Any CPU.ActiveCfg = Debug|Any CPU
		{A2606E91-DEDC-4593-897E-87D61A021832}.Debug|Any CPU.Build.0 = Debug|Any CPU
		{A2606E91-DEDC-4593-897E-87D61A021832}.Release|Any CPU.ActiveCfg = Release|Any CPU
		{A2606E91-DEDC-4593-897E-87D61A021832}.Release|Any CPU.Build.0 = Release|Any CPU
	EndGlobalSection
	GlobalSection(SolutionProperties) = preSolution
		HideSolutionNode = FALSE
	EndGlobalSection
EndGlobal
