
Microsoft Visual Studio Solution File, Format Version 12.00
# Visual Studio 14
VisualStudioVersion = 14.0.23107.0
MinimumVisualStudioVersion = 10.0.40219.1
Project("{FAE04EC0-301F-11D3-BF4B-00C04F79EFBC}") = "FunnySentenceRandomizer", "FunnySentenceRandomizer\FunnySentenceRandomizer.csproj", "{3984221B-4691-46F8-ABDC-97868ED43BEA}"
EndProject
Global
	GlobalSection(SolutionConfigurationPlatforms) = preSolution
		Debug|Any CPU = Debug|Any CPU
		Release|Any CPU = Release|Any CPU
	EndGlobalSection
	GlobalSection(ProjectConfigurationPlatforms) = postSolution
		{3984221B-4691-46F8-ABDC-97868ED43BEA}.Debug|Any CPU.ActiveCfg = Debug|Any CPU
		{3984221B-4691-46F8-ABDC-97868ED43BEA}.Debug|Any CPU.Build.0 = Debug|Any CPU
		{3984221B-4691-46F8-ABDC-97868ED43BEA}.Release|Any CPU.ActiveCfg = Release|Any CPU
		{3984221B-4691-46F8-ABDC-97868ED43BEA}.Release|Any CPU.Build.0 = Release|Any CPU
	EndGlobalSection
	GlobalSection(SolutionProperties) = preSolution
		HideSolutionNode = FALSE
	EndGlobalSection
EndGlobal
